
Microsoft Visual Studio Solution File, Format Version 12.00
# Visual Studio 2013
VisualStudioVersion = 12.0.21005.1
MinimumVisualStudioVersion = 10.0.40219.1
Project("{8BC9CEB8-8B4A-11D0-8D11-00A0C91BC942}") = "NetTest", "NetTest\NetTest.vcxproj", "{265E7F3F-DD82-4FC8-B1DE-4AC5CD668614}"
EndProject
Project("{8BC9CEB8-8B4A-11D0-8D11-00A0C91BC942}") = "ServoDriverComDll", "..\ServoDriverComDll\ServoDriverComDll.vcxproj", "{743704EC-78EE-483F-93B1-853E25E76892}"
EndProject
Global
	GlobalSection(SolutionConfigurationPlatforms) = preSolution
		Debug|Win32 = Debug|Win32
		Release|Win32 = Release|Win32
	EndGlobalSection
	GlobalSection(ProjectConfigurationPlatforms) = postSolution
		{265E7F3F-DD82-4FC8-B1DE-4AC5CD668614}.Debug|Win32.ActiveCfg = Debug|Win32
		{265E7F3F-DD82-4FC8-B1DE-4AC5CD668614}.Debug|Win32.Build.0 = Debug|Win32
		{265E7F3F-DD82-4FC8-B1DE-4AC5CD668614}.Release|Win32.ActiveCfg = Release|Win32
		{265E7F3F-DD82-4FC8-B1DE-4AC5CD668614}.Release|Win32.Build.0 = Release|Win32
		{743704EC-78EE-483F-93B1-853E25E76892}.Debug|Win32.ActiveCfg = Debug|Win32
		{743704EC-78EE-483F-93B1-853E25E76892}.Debug|Win32.Build.0 = Debug|Win32
		{743704EC-78EE-483F-93B1-853E25E76892}.Release|Win32.ActiveCfg = Release|Win32
		{743704EC-78EE-483F-93B1-853E25E76892}.Release|Win32.Build.0 = Release|Win32
	EndGlobalSection
	GlobalSection(SolutionProperties) = preSolution
		HideSolutionNode = FALSE
	EndGlobalSection
EndGlobal
